
Microsoft Visual Studio Solution File, Format Version 12.00
# Visual Studio 15
VisualStudioVersion = 15.0.27703.2042
MinimumVisualStudioVersion = 10.0.40219.1
Project("{FAE04EC0-301F-11D3-BF4B-00C04F79EFBC}") = "brutezone", "brutezone.csproj", "{0F04A5D1-FB59-43C8-8FD0-822A840B465B}"
EndProject
Global
	GlobalSection(SolutionConfigurationPlatforms) = preSolution
		Debug|Any CPU = Debug|Any CPU
		Release|Any CPU = Release|Any CPU
	EndGlobalSection
	GlobalSection(ProjectConfigurationPlatforms) = postSolution
		{0F04A5D1-FB59-43C8-8FD0-822A840B465B}.Debug|Any CPU.ActiveCfg = Debug|Any CPU
		{0F04A5D1-FB59-43C8-8FD0-822A840B465B}.Debug|Any CPU.Build.0 = Debug|Any CPU
		{0F04A5D1-FB59-43C8-8FD0-822A840B465B}.Release|Any CPU.ActiveCfg = Release|Any CPU
		{0F04A5D1-FB59-43C8-8FD0-822A840B465B}.Release|Any CPU.Build.0 = Release|Any CPU
	EndGlobalSection
	GlobalSection(SolutionProperties) = preSolution
		HideSolutionNode = FALSE
	EndGlobalSection
	GlobalSection(ExtensibilityGlobals) = postSolution
		SolutionGuid = {A05F91EF-6FB9-455A-A3AC-84D9F73947EE}
	EndGlobalSection
EndGlobal
